<?xml version="1.0" encoding="utf-8"?>
<Project ToolsVersion="4.0" xmlns="http://schemas.microsoft.com/developer/msbuild/2003">
  <ItemGroup>
    <Filter Include="Source Files">
      <UniqueIdentifier>{4FC737F1-C7A5-4376-A066-2A32D752A2FF}</UniqueIdentifier>
      <Extensions>cpp;c;cc;cxx;c++;cppm;ixx;def;odl;idl;hpj;bat;asm;asmx</Extensions>
    </Filter>
    <Filter Include="Header Files">
      <UniqueIdentifier>{93995380-89BD-4b04-88EB-625FBE52EBFB}</UniqueIdentifier>
      <Extensions>h;hh;hpp;hxx;h++;hm;inl;inc;ipp;xsd</Extensions>
    </Filter>
    <Filter Include="Resource Files">
      <UniqueIdentifier>{67DA6AB6-F800-4c08-8B7A-83BB121AAD01}</UniqueIdentifier>
      <Extensions>rc;ico;cur;bmp;dlg;rc2;rct;bin;rgs;gif;jpg;jpeg;jpe;resx;tiff;tif;png;wav;mfcribbon-ms</Extensions>
    </Filter>
    <Filter Include="Header Files\Decorator">
      <UniqueIdentifier>{958afbe4-14b9-44bc-9a83-941ac2d629c3}</UniqueIdentifier>
    </Filter>
    <Filter Include="Source Files\Decorator">
      <UniqueIdentifier>{4d2b2a0a-cf10-4d99-b4b8-dd85e328072d}</UniqueIdentifier>
    </Filter>
    <Filter Include="Source Files\TextTransformation">
      <UniqueIdentifier>{fc6f4476-11ec-461f-9e47-c1ffacf78a9c}</UniqueIdentifier>
    </Filter>
    <Filter Include="Header Files\TextTransformation">
      <UniqueIdentifier>{a567e7c4-d7c6-42d3-b85a-4f163d145a9c}</UniqueIdentifier>
    </Filter>
    <Filter Include="Testing">
      <UniqueIdentifier>{2049b236-cf4a-4340-afab-6f5f5652050c}</UniqueIdentifier>
    </Filter>
    <Filter Include="Testing\TextTransformation">
      <UniqueIdentifier>{cb3f2137-aa74-4630-9bd7-4433925cfbaf}</UniqueIdentifier>
    </Filter>
    <Filter Include="Testing\Decorator">
      <UniqueIdentifier>{0e44a354-a783-492a-9ba6-cfcbeabbb02c}</UniqueIdentifier>
    </Filter>
  </ItemGroup>
  <ItemGroup>
    <ClCompile Include="labels.cpp">
      <Filter>Source Files</Filter>
    </ClCompile>
    <ClCompile Include="SimpleLabel.cpp">
      <Filter>Source Files</Filter>
    </ClCompile>
    <ClCompile Include="LabelPrinter.cpp">
      <Filter>Source Files</Filter>
    </ClCompile>
    <ClCompile Include="Label.cpp">
      <Filter>Source Files</Filter>
    </ClCompile>
    <ClCompile Include="ColourRGB.cpp">
      <Filter>Source Files</Filter>
    </ClCompile>
    <ClCompile Include="TextStyle.cpp">
      <Filter>Source Files</Filter>
    </ClCompile>
    <ClCompile Include="RichLabel.cpp">
      <Filter>Source Files</Filter>
    </ClCompile>
    <ClCompile Include="TextUtil.cpp">
      <Filter>Source Files</Filter>
    </ClCompile>
    <ClCompile Include="CyclicTransformationDecorator.cpp">
      <Filter>Source Files\Decorator</Filter>
    </ClCompile>
    <ClCompile Include="LabelDecoratorBase.cpp">
      <Filter>Source Files\Decorator</Filter>
    </ClCompile>
    <ClCompile Include="RandomTransformationDecorator.cpp">
      <Filter>Source Files\Decorator</Filter>
    </ClCompile>
    <ClCompile Include="TextTransformationDecorator.cpp">
      <Filter>Source Files\Decorator</Filter>
    </ClCompile>
    <ClCompile Include="CapitaliseTransformation.cpp">
      <Filter>Source Files\TextTransformation</Filter>
    </ClCompile>
    <ClCompile Include="Censor.cpp">
      <Filter>Source Files\TextTransformation</Filter>
    </ClCompile>
    <ClCompile Include="Decorate.cpp">
      <Filter>Source Files\TextTransformation</Filter>
    </ClCompile>
    <ClCompile Include="LeftTrim.cpp">
      <Filter>Source Files\TextTransformation</Filter>
    </ClCompile>
    <ClCompile Include="NormaliseSpace.cpp">
      <Filter>Source Files\TextTransformation</Filter>
    </ClCompile>
    <ClCompile Include="Replace.cpp">
      <Filter>Source Files\TextTransformation</Filter>
    </ClCompile>
    <ClCompile Include="RightTrim.cpp">
      <Filter>Source Files\TextTransformation</Filter>
    </ClCompile>
    <ClCompile Include="TextTransformation.cpp">
      <Filter>Source Files\TextTransformation</Filter>
    </ClCompile>
    <ClCompile Include="CompositeTransformation.cpp">
      <Filter>Source Files\TextTransformation</Filter>
    </ClCompile>
    <ClCompile Include="catch_amalgamated.cpp">
      <Filter>Testing</Filter>
    </ClCompile>
    <ClCompile Include="test_RightTrimTextTransformation.cpp">
      <Filter>Testing\TextTransformation</Filter>
    </ClCompile>
    <ClCompile Include="test_ReplaceTextTransformation.cpp">
      <Filter>Testing\TextTransformation</Filter>
    </ClCompile>
    <ClCompile Include="test_NormaliseSpaceTextTransformation.cpp">
      <Filter>Testing\TextTransformation</Filter>
    </ClCompile>
    <ClCompile Include="test_LeftTrimTextTransformation.cpp">
      <Filter>Testing\TextTransformation</Filter>
    </ClCompile>
    <ClCompile Include="test_DecorateTextTransformation.cpp">
      <Filter>Testing\TextTransformation</Filter>
    </ClCompile>
    <ClCompile Include="test_CensorTextTransformation.cpp">
      <Filter>Testing\TextTransformation</Filter>
    </ClCompile>
    <ClCompile Include="test_CapitaliseTextTransformation.cpp">
      <Filter>Testing\TextTransformation</Filter>
    </ClCompile>
    <ClCompile Include="test_CompositeTextTransformation.cpp">
      <Filter>Testing\TextTransformation</Filter>
    </ClCompile>
    <ClCompile Include="test_TextTransformationDecorator.cpp">
      <Filter>Testing\Decorator</Filter>
    </ClCompile>
    <ClCompile Include="ProxyLabel.cpp">
      <Filter>Source Files</Filter>
    </ClCompile>
  </ItemGroup>
  <ItemGroup>
    <ClInclude Include="Label.h">
      <Filter>Header Files</Filter>
    </ClInclude>
    <ClInclude Include="SimpleLabel.h">
      <Filter>Header Files</Filter>
    </ClInclude>
    <ClInclude Include="LabelPrinter.h">
      <Filter>Header Files</Filter>
    </ClInclude>
    <ClInclude Include="RichLabel.h">
      <Filter>Header Files</Filter>
    </ClInclude>
    <ClInclude Include="ColourRGB.h">
      <Filter>Header Files</Filter>
    </ClInclude>
    <ClInclude Include="TextStyle.h">
      <Filter>Header Files</Filter>
    </ClInclude>
    <ClInclude Include="TextUtil.h">
      <Filter>Header Files</Filter>
    </ClInclude>
    <ClInclude Include="RandomTransformationDecorator.h">
      <Filter>Header Files\Decorator</Filter>
    </ClInclude>
    <ClInclude Include="CyclicTransformationDecorator.h">
      <Filter>Header Files\Decorator</Filter>
    </ClInclude>
    <ClInclude Include="TextTransformationDecorator.h">
      <Filter>Header Files\Decorator</Filter>
    </ClInclude>
    <ClInclude Include="LabelDecoratorBase.h">
      <Filter>Header Files\Decorator</Filter>
    </ClInclude>
    <ClInclude Include="Censor.h">
      <Filter>Header Files\TextTransformation</Filter>
    </ClInclude>
    <ClInclude Include="CapitaliseTransformation.h">
      <Filter>Header Files\TextTransformation</Filter>
    </ClInclude>
    <ClInclude Include="Decorate.h">
      <Filter>Header Files\TextTransformation</Filter>
    </ClInclude>
    <ClInclude Include="LeftTrim.h">
      <Filter>Header Files\TextTransformation</Filter>
    </ClInclude>
    <ClInclude Include="NormaliseSpace.h">
      <Filter>Header Files\TextTransformation</Filter>
    </ClInclude>
    <ClInclude Include="Replace.h">
      <Filter>Header Files\TextTransformation</Filter>
    </ClInclude>
    <ClInclude Include="RightTrim.h">
      <Filter>Header Files\TextTransformation</Filter>
    </ClInclude>
    <ClInclude Include="TextTransformation.h">
      <Filter>Header Files\TextTransformation</Filter>
    </ClInclude>
    <ClInclude Include="CompositeTransformation.h">
      <Filter>Header Files\TextTransformation</Filter>
    </ClInclude>
    <ClInclude Include="catch_amalgamated.hpp">
      <Filter>Testing</Filter>
    </ClInclude>
    <ClInclude Include="fakeit.hpp">
      <Filter>Testing</Filter>
    </ClInclude>
    <ClInclude Include="ProxyLabel.h">
      <Filter>Header Files</Filter>
    </ClInclude>
  </ItemGroup>
</Project>